
Microsoft Visual Studio Solution File, Format Version 12.00
# Visual Studio Version 17
VisualStudioVersion = 17.3.32804.467
MinimumVisualStudioVersion = 10.0.40219.1
Project("{FAE04EC0-301F-11D3-BF4B-00C04F79EFBC}") = "BATCH1_DET_2022", "BATCH1_DET_2022\BATCH1_DET_2022.csproj", "{B7AD69AE-D893-42FB-82EF-E0DDD7B49D47}"
EndProject
Global
	GlobalSection(SolutionConfigurationPlatforms) = preSolution
		Debug|Any CPU = Debug|Any CPU
		Release|Any CPU = Release|Any CPU
	EndGlobalSection
	GlobalSection(ProjectConfigurationPlatforms) = postSolution
		{B7AD69AE-D893-42FB-82EF-E0DDD7B49D47}.Debug|Any CPU.ActiveCfg = Debug|Any CPU
		{B7AD69AE-D893-42FB-82EF-E0DDD7B49D47}.Debug|Any CPU.Build.0 = Debug|Any CPU
		{B7AD69AE-D893-42FB-82EF-E0DDD7B49D47}.Release|Any CPU.ActiveCfg = Release|Any CPU
		{B7AD69AE-D893-42FB-82EF-E0DDD7B49D47}.Release|Any CPU.Build.0 = Release|Any CPU
	EndGlobalSection
	GlobalSection(SolutionProperties) = preSolution
		HideSolutionNode = FALSE
	EndGlobalSection
	GlobalSection(ExtensibilityGlobals) = postSolution
		SolutionGuid = {BFB10516-BF9B-4674-B6C8-D1240E7E38D1}
	EndGlobalSection
EndGlobal
